
Microsoft Visual Studio Solution File, Format Version 12.00
# Visual Studio Version 17
VisualStudioVersion = 17.11.35327.3
MinimumVisualStudioVersion = 10.0.40219.1
Project("{9A19103F-16F7-4668-BE54-9A1E7A4F7556}") = "Flowrate", "Flowrate\Flowrate.csproj", "{88E0FE72-E006-4C80-9517-1754B0671343}"
EndProject
Project("{9A19103F-16F7-4668-BE54-9A1E7A4F7556}") = "UVIndex", "UVIndex\UVIndex.csproj", "{11A12EFB-D7D0-40FA-BD50-D89D7AB489B1}"
EndProject
Project("{9A19103F-16F7-4668-BE54-9A1E7A4F7556}") = "Definitions", "Definitions\Definitions.csproj", "{EDFC506D-10BC-4177-9B90-51A9F32DF6D8}"
EndProject
Project("{FAE04EC0-301F-11D3-BF4B-00C04F79EFBC}") = "DebugPrime", "DebugPrime\DebugPrime.csproj", "{1EFDB20A-8C6E-44FD-95BB-2739602302F3}"
EndProject
Global
	GlobalSection(SolutionConfigurationPlatforms) = preSolution
		Debug|Any CPU = Debug|Any CPU
		Release|Any CPU = Release|Any CPU
	EndGlobalSection
	GlobalSection(ProjectConfigurationPlatforms) = postSolution
		{88E0FE72-E006-4C80-9517-1754B0671343}.Debug|Any CPU.ActiveCfg = Debug|Any CPU
		{88E0FE72-E006-4C80-9517-1754B0671343}.Debug|Any CPU.Build.0 = Debug|Any CPU
		{88E0FE72-E006-4C80-9517-1754B0671343}.Release|Any CPU.ActiveCfg = Release|Any CPU
		{88E0FE72-E006-4C80-9517-1754B0671343}.Release|Any CPU.Build.0 = Release|Any CPU
		{11A12EFB-D7D0-40FA-BD50-D89D7AB489B1}.Debug|Any CPU.ActiveCfg = Debug|Any CPU
		{11A12EFB-D7D0-40FA-BD50-D89D7AB489B1}.Debug|Any CPU.Build.0 = Debug|Any CPU
		{11A12EFB-D7D0-40FA-BD50-D89D7AB489B1}.Release|Any CPU.ActiveCfg = Release|Any CPU
		{11A12EFB-D7D0-40FA-BD50-D89D7AB489B1}.Release|Any CPU.Build.0 = Release|Any CPU
		{EDFC506D-10BC-4177-9B90-51A9F32DF6D8}.Debug|Any CPU.ActiveCfg = Debug|Any CPU
		{EDFC506D-10BC-4177-9B90-51A9F32DF6D8}.Debug|Any CPU.Build.0 = Debug|Any CPU
		{EDFC506D-10BC-4177-9B90-51A9F32DF6D8}.Release|Any CPU.ActiveCfg = Release|Any CPU
		{EDFC506D-10BC-4177-9B90-51A9F32DF6D8}.Release|Any CPU.Build.0 = Release|Any CPU
		{1EFDB20A-8C6E-44FD-95BB-2739602302F3}.Debug|Any CPU.ActiveCfg = Debug|Any CPU
		{1EFDB20A-8C6E-44FD-95BB-2739602302F3}.Debug|Any CPU.Build.0 = Debug|Any CPU
		{1EFDB20A-8C6E-44FD-95BB-2739602302F3}.Release|Any CPU.ActiveCfg = Release|Any CPU
		{1EFDB20A-8C6E-44FD-95BB-2739602302F3}.Release|Any CPU.Build.0 = Release|Any CPU
	EndGlobalSection
	GlobalSection(SolutionProperties) = preSolution
		HideSolutionNode = FALSE
	EndGlobalSection
	GlobalSection(ExtensibilityGlobals) = postSolution
		SolutionGuid = {74AD8109-7311-4254-BB06-5488BE63CFF4}
	EndGlobalSection
EndGlobal
